
Microsoft Visual Studio Solution File, Format Version 12.00
# Visual Studio Version 17
VisualStudioVersion = 17.8.34408.163
MinimumVisualStudioVersion = 10.0.40219.1
Project("{FAE04EC0-301F-11D3-BF4B-00C04F79EFBC}") = "SalesWebMvc", "SalesWebMvc\SalesWebMvc.csproj", "{64B1A524-9970-44A8-A5EC-D1FC1624C928}"
EndProject
Global
	GlobalSection(SolutionConfigurationPlatforms) = preSolution
		Debug|Any CPU = Debug|Any CPU
		Release|Any CPU = Release|Any CPU
	EndGlobalSection
	GlobalSection(ProjectConfigurationPlatforms) = postSolution
		{64B1A524-9970-44A8-A5EC-D1FC1624C928}.Debug|Any CPU.ActiveCfg = Debug|Any CPU
		{64B1A524-9970-44A8-A5EC-D1FC1624C928}.Debug|Any CPU.Build.0 = Debug|Any CPU
		{64B1A524-9970-44A8-A5EC-D1FC1624C928}.Release|Any CPU.ActiveCfg = Release|Any CPU
		{64B1A524-9970-44A8-A5EC-D1FC1624C928}.Release|Any CPU.Build.0 = Release|Any CPU
	EndGlobalSection
	GlobalSection(SolutionProperties) = preSolution
		HideSolutionNode = FALSE
	EndGlobalSection
	GlobalSection(ExtensibilityGlobals) = postSolution
		SolutionGuid = {FA69BC28-58A2-4777-9A89-7057A3AC017C}
	EndGlobalSection
EndGlobal
